// !$*UTF8*$!
{
	archiveVersion = 1;
	classes = {
	};
	objectVersion = 55;
	objects = {

/* Begin PBXBuildFile section */
		4C1CB88F293E03D302A3CC6A /* Pods_Flix_FlixUITests.framework in Frameworks */ = {isa = PBXBuildFile; fileRef = C3FD5FBF3B35934A75475C0A /* Pods_Flix_FlixUITests.framework */; };
		CA5D5A8695550C90D7CA6D17 /* Pods_FlixTests.framework in Frameworks */ = {isa = PBXBuildFile; fileRef = 8EF77DCDC324B8A5B942E746 /* Pods_FlixTests.framework */; };
		F0091EAD27C70CA3005594F5 /* AppDelegate.swift in Sources */ = {isa = PBXBuildFile; fileRef = F0091EAC27C70CA3005594F5 /* AppDelegate.swift */; };
		F0091EAF27C70CA3005594F5 /* SceneDelegate.swift in Sources */ = {isa = PBXBuildFile; fileRef = F0091EAE27C70CA3005594F5 /* SceneDelegate.swift */; };
		F0091EB127C70CA3005594F5 /* ViewController.swift in Sources */ = {isa = PBXBuildFile; fileRef = F0091EB027C70CA3005594F5 /* ViewController.swift */; };
		F0091EB427C70CA3005594F5 /* Main.storyboard in Resources */ = {isa = PBXBuildFile; fileRef = F0091EB227C70CA3005594F5 /* Main.storyboard */; };
		F0091EB627C70CA4005594F5 /* Assets.xcassets in Resources */ = {isa = PBXBuildFile; fileRef = F0091EB527C70CA4005594F5 /* Assets.xcassets */; };
		F0091EB927C70CA4005594F5 /* LaunchScreen.storyboard in Resources */ = {isa = PBXBuildFile; fileRef = F0091EB727C70CA4005594F5 /* LaunchScreen.storyboard */; };
		F0091EC427C70CA4005594F5 /* FlixTests.swift in Sources */ = {isa = PBXBuildFile; fileRef = F0091EC327C70CA4005594F5 /* FlixTests.swift */; };
		F0091ECE27C70CA4005594F5 /* FlixUITests.swift in Sources */ = {isa = PBXBuildFile; fileRef = F0091ECD27C70CA4005594F5 /* FlixUITests.swift */; };
		F0091ED027C70CA4005594F5 /* FlixUITestsLaunchTests.swift in Sources */ = {isa = PBXBuildFile; fileRef = F0091ECF27C70CA4005594F5 /* FlixUITestsLaunchTests.swift */; };
		F0091EDE27C7163D005594F5 /* Alamofire in Frameworks */ = {isa = PBXBuildFile; productRef = F0091EDD27C7163D005594F5 /* Alamofire */; };
		F0091EE027C71A8C005594F5 /* MovieCell.swift in Sources */ = {isa = PBXBuildFile; fileRef = F0091EDF27C71A8C005594F5 /* MovieCell.swift */; };
		FDB78A2703490DEB05425C32 /* Pods_Flix.framework in Frameworks */ = {isa = PBXBuildFile; fileRef = AF38B110790AB3472CF07FE6 /* Pods_Flix.framework */; };
/* End PBXBuildFile section */

/* Begin PBXContainerItemProxy section */
		F0091EC027C70CA4005594F5 /* PBXContainerItemProxy */ = {
			isa = PBXContainerItemProxy;
			containerPortal = F0091EA127C70CA3005594F5 /* Project object */;
			proxyType = 1;
			remoteGlobalIDString = F0091EA827C70CA3005594F5;
			remoteInfo = Flix;
		};
		F0091ECA27C70CA4005594F5 /* PBXContainerItemProxy */ = {
			isa = PBXContainerItemProxy;
			containerPortal = F0091EA127C70CA3005594F5 /* Project object */;
			proxyType = 1;
			remoteGlobalIDString = F0091EA827C70CA3005594F5;
			remoteInfo = Flix;
		};
/* End PBXContainerItemProxy section */

/* Begin PBXFileReference section */
		0B7E028CAF490326A73D44F5 /* Pods-FlixTests.debug.xcconfig */ = {isa = PBXFileReference; includeInIndex = 1; lastKnownFileType = text.xcconfig; name = "Pods-FlixTests.debug.xcconfig"; path = "Target Support Files/Pods-FlixTests/Pods-FlixTests.debug.xcconfig"; sourceTree = "<group>"; };
		12A5B0138993E0B42C48246A /* Pods-Flix.release.xcconfig */ = {isa = PBXFileReference; includeInIndex = 1; lastKnownFileType = text.xcconfig; name = "Pods-Flix.release.xcconfig"; path = "Target Support Files/Pods-Flix/Pods-Flix.release.xcconfig"; sourceTree = "<group>"; };
		24EBD6575DEA31E2150F9AC6 /* Pods-FlixTests.release.xcconfig */ = {isa = PBXFileReference; includeInIndex = 1; lastKnownFileType = text.xcconfig; name = "Pods-FlixTests.release.xcconfig"; path = "Target Support Files/Pods-FlixTests/Pods-FlixTests.release.xcconfig"; sourceTree = "<group>"; };
		49E7D5DC45E29619A2963C5B /* Pods-Flix.debug.xcconfig */ = {isa = PBXFileReference; includeInIndex = 1; lastKnownFileType = text.xcconfig; name = "Pods-Flix.debug.xcconfig"; path = "Target Support Files/Pods-Flix/Pods-Flix.debug.xcconfig"; sourceTree = "<group>"; };
		8EF77DCDC324B8A5B942E746 /* Pods_FlixTests.framework */ = {isa = PBXFileReference; explicitFileType = wrapper.framework; includeInIndex = 0; path = Pods_FlixTests.framework; sourceTree = BUILT_PRODUCTS_DIR; };
		979DB8D4B20DEE375A399E5D /* Pods-Flix-FlixUITests.debug.xcconfig */ = {isa = PBXFileReference; includeInIndex = 1; lastKnownFileType = text.xcconfig; name = "Pods-Flix-FlixUITests.debug.xcconfig"; path = "Target Support Files/Pods-Flix-FlixUITests/Pods-Flix-FlixUITests.debug.xcconfig"; sourceTree = "<group>"; };
		AF38B110790AB3472CF07FE6 /* Pods_Flix.framework */ = {isa = PBXFileReference; explicitFileType = wrapper.framework; includeInIndex = 0; path = Pods_Flix.framework; sourceTree = BUILT_PRODUCTS_DIR; };
		C3FD5FBF3B35934A75475C0A /* Pods_Flix_FlixUITests.framework */ = {isa = PBXFileReference; explicitFileType = wrapper.framework; includeInIndex = 0; path = Pods_Flix_FlixUITests.framework; sourceTree = BUILT_PRODUCTS_DIR; };
		F0091EA927C70CA3005594F5 /* Flix.app */ = {isa = PBXFileReference; explicitFileType = wrapper.application; includeInIndex = 0; path = Flix.app; sourceTree = BUILT_PRODUCTS_DIR; };
		F0091EAC27C70CA3005594F5 /* AppDelegate.swift */ = {isa = PBXFileReference; lastKnownFileType = sourcecode.swift; path = AppDelegate.swift; sourceTree = "<group>"; };
		F0091EAE27C70CA3005594F5 /* SceneDelegate.swift */ = {isa = PBXFileReference; lastKnownFileType = sourcecode.swift; path = SceneDelegate.swift; sourceTree = "<group>"; };
		F0091EB027C70CA3005594F5 /* ViewController.swift */ = {isa = PBXFileReference; lastKnownFileType = sourcecode.swift; path = ViewController.swift; sourceTree = "<group>"; };
		F0091EB327C70CA3005594F5 /* Base */ = {isa = PBXFileReference; lastKnownFileType = file.storyboard; name = Base; path = Base.lproj/Main.storyboard; sourceTree = "<group>"; };
		F0091EB527C70CA4005594F5 /* Assets.xcassets */ = {isa = PBXFileReference; lastKnownFileType = folder.assetcatalog; path = Assets.xcassets; sourceTree = "<group>"; };
		F0091EB827C70CA4005594F5 /* Base */ = {isa = PBXFileReference; lastKnownFileType = file.storyboard; name = Base; path = Base.lproj/LaunchScreen.storyboard; sourceTree = "<group>"; };
		F0091EBA27C70CA4005594F5 /* Info.plist */ = {isa = PBXFileReference; lastKnownFileType = text.plist.xml; path = Info.plist; sourceTree = "<group>"; };
		F0091EBF27C70CA4005594F5 /* FlixTests.xctest */ = {isa = PBXFileReference; explicitFileType = wrapper.cfbundle; includeInIndex = 0; path = FlixTests.xctest; sourceTree = BUILT_PRODUCTS_DIR; };
		F0091EC327C70CA4005594F5 /* FlixTests.swift */ = {isa = PBXFileReference; lastKnownFileType = sourcecode.swift; path = FlixTests.swift; sourceTree = "<group>"; };
		F0091EC927C70CA4005594F5 /* FlixUITests.xctest */ = {isa = PBXFileReference; explicitFileType = wrapper.cfbundle; includeInIndex = 0; path = FlixUITests.xctest; sourceTree = BUILT_PRODUCTS_DIR; };
		F0091ECD27C70CA4005594F5 /* FlixUITests.swift */ = {isa = PBXFileReference; lastKnownFileType = sourcecode.swift; path = FlixUITests.swift; sourceTree = "<group>"; };
		F0091ECF27C70CA4005594F5 /* FlixUITestsLaunchTests.swift */ = {isa = PBXFileReference; lastKnownFileType = sourcecode.swift; path = FlixUITestsLaunchTests.swift; sourceTree = "<group>"; };
		F0091EDF27C71A8C005594F5 /* MovieCell.swift */ = {isa = PBXFileReference; lastKnownFileType = sourcecode.swift; path = MovieCell.swift; sourceTree = "<group>"; };
		F54A4EAF66927F602930F46F /* Pods-Flix-FlixUITests.release.xcconfig */ = {isa = PBXFileReference; includeInIndex = 1; lastKnownFileType = text.xcconfig; name = "Pods-Flix-FlixUITests.release.xcconfig"; path = "Target Support Files/Pods-Flix-FlixUITests/Pods-Flix-FlixUITests.release.xcconfig"; sourceTree = "<group>"; };
/* End PBXFileReference section */

/* Begin PBXFrameworksBuildPhase section */
		F0091EA627C70CA3005594F5 /* Frameworks */ = {
			isa = PBXFrameworksBuildPhase;
			buildActionMask = 2147483647;
			files = (
				F0091EDE27C7163D005594F5 /* Alamofire in Frameworks */,
				FDB78A2703490DEB05425C32 /* Pods_Flix.framework in Frameworks */,
			);
			runOnlyForDeploymentPostprocessing = 0;
		};
		F0091EBC27C70CA4005594F5 /* Frameworks */ = {
			isa = PBXFrameworksBuildPhase;
			buildActionMask = 2147483647;
			files = (
				CA5D5A8695550C90D7CA6D17 /* Pods_FlixTests.framework in Frameworks */,
			);
			runOnlyForDeploymentPostprocessing = 0;
		};
		F0091EC627C70CA4005594F5 /* Frameworks */ = {
			isa = PBXFrameworksBuildPhase;
			buildActionMask = 2147483647;
			files = (
				4C1CB88F293E03D302A3CC6A /* Pods_Flix_FlixUITests.framework in Frameworks */,
			);
			runOnlyForDeploymentPostprocessing = 0;
		};
/* End PBXFrameworksBuildPhase section */

/* Begin PBXGroup section */
		1DE397B46B5EE543203DD78D /* Frameworks */ = {
			isa = PBXGroup;
			children = (
				AF38B110790AB3472CF07FE6 /* Pods_Flix.framework */,
				C3FD5FBF3B35934A75475C0A /* Pods_Flix_FlixUITests.framework */,
				8EF77DCDC324B8A5B942E746 /* Pods_FlixTests.framework */,
			);
			name = Frameworks;
			sourceTree = "<group>";
		};
		40FC63676789A135192528C2 /* Pods */ = {
			isa = PBXGroup;
			children = (
				49E7D5DC45E29619A2963C5B /* Pods-Flix.debug.xcconfig */,
				12A5B0138993E0B42C48246A /* Pods-Flix.release.xcconfig */,
				979DB8D4B20DEE375A399E5D /* Pods-Flix-FlixUITests.debug.xcconfig */,
				F54A4EAF66927F602930F46F /* Pods-Flix-FlixUITests.release.xcconfig */,
				0B7E028CAF490326A73D44F5 /* Pods-FlixTests.debug.xcconfig */,
				24EBD6575DEA31E2150F9AC6 /* Pods-FlixTests.release.xcconfig */,
			);
			path = Pods;
			sourceTree = "<group>";
		};
		F0091EA027C70CA3005594F5 = {
			isa = PBXGroup;
			children = (
				F0091EAB27C70CA3005594F5 /* Flix */,
				F0091EC227C70CA4005594F5 /* FlixTests */,
				F0091ECC27C70CA4005594F5 /* FlixUITests */,
				F0091EAA27C70CA3005594F5 /* Products */,
				40FC63676789A135192528C2 /* Pods */,
				1DE397B46B5EE543203DD78D /* Frameworks */,
			);
			sourceTree = "<group>";
		};
		F0091EAA27C70CA3005594F5 /* Products */ = {
			isa = PBXGroup;
			children = (
				F0091EA927C70CA3005594F5 /* Flix.app */,
				F0091EBF27C70CA4005594F5 /* FlixTests.xctest */,
				F0091EC927C70CA4005594F5 /* FlixUITests.xctest */,
			);
			name = Products;
			sourceTree = "<group>";
		};
		F0091EAB27C70CA3005594F5 /* Flix */ = {
			isa = PBXGroup;
			children = (
				F0091EAC27C70CA3005594F5 /* AppDelegate.swift */,
				F0091EAE27C70CA3005594F5 /* SceneDelegate.swift */,
				F0091EB027C70CA3005594F5 /* ViewController.swift */,
				F0091EB227C70CA3005594F5 /* Main.storyboard */,
				F0091EDF27C71A8C005594F5 /* MovieCell.swift */,
				F0091EB527C70CA4005594F5 /* Assets.xcassets */,
				F0091EB727C70CA4005594F5 /* LaunchScreen.storyboard */,
				F0091EBA27C70CA4005594F5 /* Info.plist */,
			);
			path = Flix;
			sourceTree = "<group>";
		};
		F0091EC227C70CA4005594F5 /* FlixTests */ = {
			isa = PBXGroup;
			children = (
				F0091EC327C70CA4005594F5 /* FlixTests.swift */,
			);
			path = FlixTests;
			sourceTree = "<group>";
		};
		F0091ECC27C70CA4005594F5 /* FlixUITests */ = {
			isa = PBXGroup;
			children = (
				F0091ECD27C70CA4005594F5 /* FlixUITests.swift */,
				F0091ECF27C70CA4005594F5 /* FlixUITestsLaunchTests.swift */,
			);
			path = FlixUITests;
			sourceTree = "<group>";
		};
/* End PBXGroup section */

/* Begin PBXNativeTarget section */
		F0091EA827C70CA3005594F5 /* Flix */ = {
			isa = PBXNativeTarget;
			buildConfigurationList = F0091ED327C70CA4005594F5 /* Build configuration list for PBXNativeTarget "Flix" */;
			buildPhases = (
				AEA9799DB6BE592FDDEDBAAB /* [CP] Check Pods Manifest.lock */,
				F0091EA527C70CA3005594F5 /* Sources */,
				F0091EA627C70CA3005594F5 /* Frameworks */,
				F0091EA727C70CA3005594F5 /* Resources */,
				3066A166695DA6491B494568 /* [CP] Embed Pods Frameworks */,
			);
			buildRules = (
			);
			dependencies = (
			);
			name = Flix;
			packageProductDependencies = (
				F0091EDD27C7163D005594F5 /* Alamofire */,
			);
			productName = Flix;
			productReference = F0091EA927C70CA3005594F5 /* Flix.app */;
			productType = "com.apple.product-type.application";
		};
		F0091EBE27C70CA4005594F5 /* FlixTests */ = {
			isa = PBXNativeTarget;
			buildConfigurationList = F0091ED627C70CA4005594F5 /* Build configuration list for PBXNativeTarget "FlixTests" */;
			buildPhases = (
				2CE27ECDBA31E411E6801669 /* [CP] Check Pods Manifest.lock */,
				F0091EBB27C70CA4005594F5 /* Sources */,
				F0091EBC27C70CA4005594F5 /* Frameworks */,
				F0091EBD27C70CA4005594F5 /* Resources */,
			);
			buildRules = (
			);
			dependencies = (
				F0091EC127C70CA4005594F5 /* PBXTargetDependency */,
			);
			name = FlixTests;
			productName = FlixTests;
			productReference = F0091EBF27C70CA4005594F5 /* FlixTests.xctest */;
			productType = "com.apple.product-type.bundle.unit-test";
		};
		F0091EC827C70CA4005594F5 /* FlixUITests */ = {
			isa = PBXNativeTarget;
			buildConfigurationList = F0091ED927C70CA4005594F5 /* Build configuration list for PBXNativeTarget "FlixUITests" */;
			buildPhases = (
				EDEAA96B64621B0E096C5B3F /* [CP] Check Pods Manifest.lock */,
				F0091EC527C70CA4005594F5 /* Sources */,
				F0091EC627C70CA4005594F5 /* Frameworks */,
				F0091EC727C70CA4005594F5 /* Resources */,
				E55119FEEE580923B6491D95 /* [CP] Embed Pods Frameworks */,
			);
			buildRules = (
			);
			dependencies = (
				F0091ECB27C70CA4005594F5 /* PBXTargetDependency */,
			);
			name = FlixUITests;
			productName = FlixUITests;
			productReference = F0091EC927C70CA4005594F5 /* FlixUITests.xctest */;
			productType = "com.apple.product-type.bundle.ui-testing";
		};
/* End PBXNativeTarget section */

/* Begin PBXProject section */
		F0091EA127C70CA3005594F5 /* Project object */ = {
			isa = PBXProject;
			attributes = {
				BuildIndependentTargetsInParallel = 1;
				LastSwiftUpdateCheck = 1320;
				LastUpgradeCheck = 1320;
				TargetAttributes = {
					F0091EA827C70CA3005594F5 = {
						CreatedOnToolsVersion = 13.2.1;
					};
					F0091EBE27C70CA4005594F5 = {
						CreatedOnToolsVersion = 13.2.1;
						TestTargetID = F0091EA827C70CA3005594F5;
					};
					F0091EC827C70CA4005594F5 = {
						CreatedOnToolsVersion = 13.2.1;
						TestTargetID = F0091EA827C70CA3005594F5;
					};
				};
			};
			buildConfigurationList = F0091EA427C70CA3005594F5 /* Build configuration list for PBXProject "Flix" */;
			compatibilityVersion = "Xcode 13.0";
			developmentRegion = en;
			hasScannedForEncodings = 0;
			knownRegions = (
				en,
				Base,
			);
			mainGroup = F0091EA027C70CA3005594F5;
			packageReferences = (
				F0091EDC27C7163D005594F5 /* XCRemoteSwiftPackageReference "Alamofire" */,
			);
			productRefGroup = F0091EAA27C70CA3005594F5 /* Products */;
			projectDirPath = "";
			projectRoot = "";
			targets = (
				F0091EA827C70CA3005594F5 /* Flix */,
				F0091EBE27C70CA4005594F5 /* FlixTests */,
				F0091EC827C70CA4005594F5 /* FlixUITests */,
			);
		};
/* End PBXProject section */

/* Begin PBXResourcesBuildPhase section */
		F0091EA727C70CA3005594F5 /* Resources */ = {
			isa = PBXResourcesBuildPhase;
			buildActionMask = 2147483647;
			files = (
				F0091EB927C70CA4005594F5 /* LaunchScreen.storyboard in Resources */,
				F0091EB627C70CA4005594F5 /* Assets.xcassets in Resources */,
				F0091EB427C70CA3005594F5 /* Main.storyboard in Resources */,
			);
			runOnlyForDeploymentPostprocessing = 0;
		};
		F0091EBD27C70CA4005594F5 /* Resources */ = {
			isa = PBXResourcesBuildPhase;
			buildActionMask = 2147483647;
			files = (
			);
			runOnlyForDeploymentPostprocessing = 0;
		};
		F0091EC727C70CA4005594F5 /* Resources */ = {
			isa = PBXResourcesBuildPhase;
			buildActionMask = 2147483647;
			files = (
			);
			runOnlyForDeploymentPostprocessing = 0;
		};
/* End PBXResourcesBuildPhase section */

/* Begin PBXShellScriptBuildPhase section */
		2CE27ECDBA31E411E6801669 /* [CP] Check Pods Manifest.lock */ = {
			isa = PBXShellScriptBuildPhase;
			buildActionMask = 2147483647;
			files = (
			);
			inputFileListPaths = (
			);
			inputPaths = (
				"${PODS_PODFILE_DIR_PATH}/Podfile.lock",
				"${PODS_ROOT}/Manifest.lock",
			);
			name = "[CP] Check Pods Manifest.lock";
			outputFileListPaths = (
			);
			outputPaths = (
				"$(DERIVED_FILE_DIR)/Pods-FlixTests-checkManifestLockResult.txt",
			);
			runOnlyForDeploymentPostprocessing = 0;
			shellPath = /bin/sh;
			shellScript = "diff \"${PODS_PODFILE_DIR_PATH}/Podfile.lock\" \"${PODS_ROOT}/Manifest.lock\" > /dev/null\nif [ $? != 0 ] ; then\n    # print error to STDERR\n    echo \"error: The sandbox is not in sync with the Podfile.lock. Run 'pod install' or update your CocoaPods installation.\" >&2\n    exit 1\nfi\n# This output is used by Xcode 'outputs' to avoid re-running this script phase.\necho \"SUCCESS\" > \"${SCRIPT_OUTPUT_FILE_0}\"\n";
			showEnvVarsInLog = 0;
		};
		3066A166695DA6491B494568 /* [CP] Embed Pods Frameworks */ = {
			isa = PBXShellScriptBuildPhase;
			buildActionMask = 2147483647;
			files = (
			);
			inputFileListPaths = (
				"${PODS_ROOT}/Target Support Files/Pods-Flix/Pods-Flix-frameworks-${CONFIGURATION}-input-files.xcfilelist",
			);
			name = "[CP] Embed Pods Frameworks";
			outputFileListPaths = (
				"${PODS_ROOT}/Target Support Files/Pods-Flix/Pods-Flix-frameworks-${CONFIGURATION}-output-files.xcfilelist",
			);
			runOnlyForDeploymentPostprocessing = 0;
			shellPath = /bin/sh;
			shellScript = "\"${PODS_ROOT}/Target Support Files/Pods-Flix/Pods-Flix-frameworks.sh\"\n";
			showEnvVarsInLog = 0;
		};
		AEA9799DB6BE592FDDEDBAAB /* [CP] Check Pods Manifest.lock */ = {
			isa = PBXShellScriptBuildPhase;
			buildActionMask = 2147483647;
			files = (
			);
			inputFileListPaths = (
			);
			inputPaths = (
				"${PODS_PODFILE_DIR_PATH}/Podfile.lock",
				"${PODS_ROOT}/Manifest.lock",
			);
			name = "[CP] Check Pods Manifest.lock";
			outputFileListPaths = (
			);
			outputPaths = (
				"$(DERIVED_FILE_DIR)/Pods-Flix-checkManifestLockResult.txt",
			);
			runOnlyForDeploymentPostprocessing = 0;
			shellPath = /bin/sh;
			shellScript = "diff \"${PODS_PODFILE_DIR_PATH}/Podfile.lock\" \"${PODS_ROOT}/Manifest.lock\" > /dev/null\nif [ $? != 0 ] ; then\n    # print error to STDERR\n    echo \"error: The sandbox is not in sync with the Podfile.lock. Run 'pod install' or update your CocoaPods installation.\" >&2\n    exit 1\nfi\n# This output is used by Xcode 'outputs' to avoid re-running this script phase.\necho \"SUCCESS\" > \"${SCRIPT_OUTPUT_FILE_0}\"\n";
			showEnvVarsInLog = 0;
		};
		E55119FEEE580923B6491D95 /* [CP] Embed Pods Frameworks */ = {
			isa = PBXShellScriptBuildPhase;
			buildActionMask = 2147483647;
			files = (
			);
			inputFileListPaths = (
				"${PODS_ROOT}/Target Support Files/Pods-Flix-FlixUITests/Pods-Flix-FlixUITests-frameworks-${CONFIGURATION}-input-files.xcfilelist",
			);
			name = "[CP] Embed Pods Frameworks";
			outputFileListPaths = (
				"${PODS_ROOT}/Target Support Files/Pods-Flix-FlixUITests/Pods-Flix-FlixUITests-frameworks-${CONFIGURATION}-output-files.xcfilelist",
			);
			runOnlyForDeploymentPostprocessing = 0;
			shellPath = /bin/sh;
			shellScript = "\"${PODS_ROOT}/Target Support Files/Pods-Flix-FlixUITests/Pods-Flix-FlixUITests-frameworks.sh\"\n";
			showEnvVarsInLog = 0;
		};
		EDEAA96B64621B0E096C5B3F /* [CP] Check Pods Manifest.lock */ = {
			isa = PBXShellScriptBuildPhase;
			buildActionMask = 2147483647;
			files = (
			);
			inputFileListPaths = (
			);
			inputPaths = (
				"${PODS_PODFILE_DIR_PATH}/Podfile.lock",
				"${PODS_ROOT}/Manifest.lock",
			);
			name = "[CP] Check Pods Manifest.lock";
			outputFileListPaths = (
			);
			outputPaths = (
				"$(DERIVED_FILE_DIR)/Pods-Flix-FlixUITests-checkManifestLockResult.txt",
			);
			runOnlyForDeploymentPostprocessing = 0;
			shellPath = /bin/sh;
			shellScript = "diff \"${PODS_PODFILE_DIR_PATH}/Podfile.lock\" \"${PODS_ROOT}/Manifest.lock\" > /dev/null\nif [ $? != 0 ] ; then\n    # print error to STDERR\n    echo \"error: The sandbox is not in sync with the Podfile.lock. Run 'pod install' or update your CocoaPods installation.\" >&2\n    exit 1\nfi\n# This output is used by Xcode 'outputs' to avoid re-running this script phase.\necho \"SUCCESS\" > \"${SCRIPT_OUTPUT_FILE_0}\"\n";
			showEnvVarsInLog = 0;
		};
/* End PBXShellScriptBuildPhase section */

/* Begin PBXSourcesBuildPhase section */
		F0091EA527C70CA3005594F5 /* Sources */ = {
			isa = PBXSourcesBuildPhase;
			buildActionMask = 2147483647;
			files = (
				F0091EB127C70CA3005594F5 /* ViewController.swift in Sources */,
				F0091EAD27C70CA3005594F5 /* AppDelegate.swift in Sources */,
				F0091EE027C71A8C005594F5 /* MovieCell.swift in Sources */,
				F0091EAF27C70CA3005594F5 /* SceneDelegate.swift in Sources */,
			);
			runOnlyForDeploymentPostprocessing = 0;
		};
		F0091EBB27C70CA4005594F5 /* Sources */ = {
			isa = PBXSourcesBuildPhase;
			buildActionMask = 2147483647;
			files = (
				F0091EC427C70CA4005594F5 /* FlixTests.swift in Sources */,
			);
			runOnlyForDeploymentPostprocessing = 0;
		};
		F0091EC527C70CA4005594F5 /* Sources */ = {
			isa = PBXSourcesBuildPhase;
			buildActionMask = 2147483647;
			files = (
				F0091ECE27C70CA4005594F5 /* FlixUITests.swift in Sources */,
				F0091ED027C70CA4005594F5 /* FlixUITestsLaunchTests.swift in Sources */,
			);
			runOnlyForDeploymentPostprocessing = 0;
		};
/* End PBXSourcesBuildPhase section */

/* Begin PBXTargetDependency section */
		F0091EC127C70CA4005594F5 /* PBXTargetDependency */ = {
			isa = PBXTargetDependency;
			target = F0091EA827C70CA3005594F5 /* Flix */;
			targetProxy = F0091EC027C70CA4005594F5 /* PBXContainerItemProxy */;
		};
		F0091ECB27C70CA4005594F5 /* PBXTargetDependency */ = {
			isa = PBXTargetDependency;
			target = F0091EA827C70CA3005594F5 /* Flix */;
			targetProxy = F0091ECA27C70CA4005594F5 /* PBXContainerItemProxy */;
		};
/* End PBXTargetDependency section */

/* Begin PBXVariantGroup section */
		F0091EB227C70CA3005594F5 /* Main.storyboard */ = {
			isa = PBXVariantGroup;
			children = (
				F0091EB327C70CA3005594F5 /* Base */,
			);
			name = Main.storyboard;
			sourceTree = "<group>";
		};
		F0091EB727C70CA4005594F5 /* LaunchScreen.storyboard */ = {
			isa = PBXVariantGroup;
			children = (
				F0091EB827C70CA4005594F5 /* Base */,
			);
			name = LaunchScreen.storyboard;
			sourceTree = "<group>";
		};
/* End PBXVariantGroup section */

/* Begin XCBuildConfiguration section */
		F0091ED127C70CA4005594F5 /* Debug */ = {
			isa = XCBuildConfiguration;
			buildSettings = {
				ALWAYS_SEARCH_USER_PATHS = NO;
				CLANG_ANALYZER_NONNULL = YES;
				CLANG_ANALYZER_NUMBER_OBJECT_CONVERSION = YES_AGGRESSIVE;
				CLANG_CXX_LANGUAGE_STANDARD = "gnu++17";
				CLANG_CXX_LIBRARY = "libc++";
				CLANG_ENABLE_MODULES = YES;
				CLANG_ENABLE_OBJC_ARC = YES;
				CLANG_ENABLE_OBJC_WEAK = YES;
				CLANG_WARN_BLOCK_CAPTURE_AUTORELEASING = YES;
				CLANG_WARN_BOOL_CONVERSION = YES;
				CLANG_WARN_COMMA = YES;
				CLANG_WARN_CONSTANT_CONVERSION = YES;
				CLANG_WARN_DEPRECATED_OBJC_IMPLEMENTATIONS = YES;
				CLANG_WARN_DIRECT_OBJC_ISA_USAGE = YES_ERROR;
				CLANG_WARN_DOCUMENTATION_COMMENTS = YES;
				CLANG_WARN_EMPTY_BODY = YES;
				CLANG_WARN_ENUM_CONVERSION = YES;
				CLANG_WARN_INFINITE_RECURSION = YES;
				CLANG_WARN_INT_CONVERSION = YES;
				CLANG_WARN_NON_LITERAL_NULL_CONVERSION = YES;
				CLANG_WARN_OBJC_IMPLICIT_RETAIN_SELF = YES;
				CLANG_WARN_OBJC_LITERAL_CONVERSION = YES;
				CLANG_WARN_OBJC_ROOT_CLASS = YES_ERROR;
				CLANG_WARN_QUOTED_INCLUDE_IN_FRAMEWORK_HEADER = YES;
				CLANG_WARN_RANGE_LOOP_ANALYSIS = YES;
				CLANG_WARN_STRICT_PROTOTYPES = YES;
				CLANG_WARN_SUSPICIOUS_MOVE = YES;
				CLANG_WARN_UNGUARDED_AVAILABILITY = YES_AGGRESSIVE;
				CLANG_WARN_UNREACHABLE_CODE = YES;
				CLANG_WARN__DUPLICATE_METHOD_MATCH = YES;
				COPY_PHASE_STRIP = NO;
				DEBUG_INFORMATION_FORMAT = dwarf;
				ENABLE_STRICT_OBJC_MSGSEND = YES;
				ENABLE_TESTABILITY = YES;
				GCC_C_LANGUAGE_STANDARD = gnu11;
				GCC_DYNAMIC_NO_PIC = NO;
				GCC_NO_COMMON_BLOCKS = YES;
				GCC_OPTIMIZATION_LEVEL = 0;
				GCC_PREPROCESSOR_DEFINITIONS = (
					"DEBUG=1",
					"$(inherited)",
				);
				GCC_WARN_64_TO_32_BIT_CONVERSION = YES;
				GCC_WARN_ABOUT_RETURN_TYPE = YES_ERROR;
				GCC_WARN_UNDECLARED_SELECTOR = YES;
				GCC_WARN_UNINITIALIZED_AUTOS = YES_AGGRESSIVE;
				GCC_WARN_UNUSED_FUNCTION = YES;
				GCC_WARN_UNUSED_VARIABLE = YES;
				IPHONEOS_DEPLOYMENT_TARGET = 15.2;
				MTL_ENABLE_DEBUG_INFO = INCLUDE_SOURCE;
				MTL_FAST_MATH = YES;
				ONLY_ACTIVE_ARCH = YES;
				SDKROOT = iphoneos;
				SWIFT_ACTIVE_COMPILATION_CONDITIONS = DEBUG;
				SWIFT_OPTIMIZATION_LEVEL = "-Onone";
			};
			name = Debug;
		};
		F0091ED227C70CA4005594F5 /* Release */ = {
			isa = XCBuildConfiguration;
			buildSettings = {
				ALWAYS_SEARCH_USER_PATHS = NO;
				CLANG_ANALYZER_NONNULL = YES;
				CLANG_ANALYZER_NUMBER_OBJECT_CONVERSION = YES_AGGRESSIVE;
				CLANG_CXX_LANGUAGE_STANDARD = "gnu++17";
				CLANG_CXX_LIBRARY = "libc++";
				CLANG_ENABLE_MODULES = YES;
				CLANG_ENABLE_OBJC_ARC = YES;
				CLANG_ENABLE_OBJC_WEAK = YES;
				CLANG_WARN_BLOCK_CAPTURE_AUTORELEASING = YES;
				CLANG_WARN_BOOL_CONVERSION = YES;
				CLANG_WARN_COMMA = YES;
				CLANG_WARN_CONSTANT_CONVERSION = YES;
				CLANG_WARN_DEPRECATED_OBJC_IMPLEMENTATIONS = YES;
				CLANG_WARN_DIRECT_OBJC_ISA_USAGE = YES_ERROR;
				CLANG_WARN_DOCUMENTATION_COMMENTS = YES;
				CLANG_WARN_EMPTY_BODY = YES;
				CLANG_WARN_ENUM_CONVERSION = YES;
				CLANG_WARN_INFINITE_RECURSION = YES;
				CLANG_WARN_INT_CONVERSION = YES;
				CLANG_WARN_NON_LITERAL_NULL_CONVERSION = YES;
				CLANG_WARN_OBJC_IMPLICIT_RETAIN_SELF = YES;
				CLANG_WARN_OBJC_LITERAL_CONVERSION = YES;
				CLANG_WARN_OBJC_ROOT_CLASS = YES_ERROR;
				CLANG_WARN_QUOTED_INCLUDE_IN_FRAMEWORK_HEADER = YES;
				CLANG_WARN_RANGE_LOOP_ANALYSIS = YES;
				CLANG_WARN_STRICT_PROTOTYPES = YES;
				CLANG_WARN_SUSPICIOUS_MOVE = YES;
				CLANG_WARN_UNGUARDED_AVAILABILITY = YES_AGGRESSIVE;
				CLANG_WARN_UNREACHABLE_CODE = YES;
				CLANG_WARN__DUPLICATE_METHOD_MATCH = YES;
				COPY_PHASE_STRIP = NO;
				DEBUG_INFORMATION_FORMAT = "dwarf-with-dsym";
				ENABLE_NS_ASSERTIONS = NO;
				ENABLE_STRICT_OBJC_MSGSEND = YES;
				GCC_C_LANGUAGE_STANDARD = gnu11;
				GCC_NO_COMMON_BLOCKS = YES;
				GCC_WARN_64_TO_32_BIT_CONVERSION = YES;
				GCC_WARN_ABOUT_RETURN_TYPE = YES_ERROR;
				GCC_WARN_UNDECLARED_SELECTOR = YES;
				GCC_WARN_UNINITIALIZED_AUTOS = YES_AGGRESSIVE;
				GCC_WARN_UNUSED_FUNCTION = YES;
				GCC_WARN_UNUSED_VARIABLE = YES;
				IPHONEOS_DEPLOYMENT_TARGET = 15.2;
				MTL_ENABLE_DEBUG_INFO = NO;
				MTL_FAST_MATH = YES;
				SDKROOT = iphoneos;
				SWIFT_COMPILATION_MODE = wholemodule;
				SWIFT_OPTIMIZATION_LEVEL = "-O";
				VALIDATE_PRODUCT = YES;
			};
			name = Release;
		};
		F0091ED427C70CA4005594F5 /* Debug */ = {
			isa = XCBuildConfiguration;
			baseConfigurationReference = 49E7D5DC45E29619A2963C5B /* Pods-Flix.debug.xcconfig */;
			buildSettings = {
				ASSETCATALOG_COMPILER_APPICON_NAME = AppIcon;
				ASSETCATALOG_COMPILER_GLOBAL_ACCENT_COLOR_NAME = AccentColor;
				CODE_SIGN_STYLE = Automatic;
				CURRENT_PROJECT_VERSION = 1;
				DEVELOPMENT_TEAM = 797ASAWNVA;
				GENERATE_INFOPLIST_FILE = YES;
				INFOPLIST_FILE = Flix/Info.plist;
				INFOPLIST_KEY_CFBundleDisplayName = Flix;
				INFOPLIST_KEY_UIApplicationSupportsIndirectInputEvents = YES;
				INFOPLIST_KEY_UILaunchStoryboardName = LaunchScreen;
				INFOPLIST_KEY_UIMainStoryboardFile = Main;
				INFOPLIST_KEY_UISupportedInterfaceOrientations_iPad = "UIInterfaceOrientationPortrait UIInterfaceOrientationPortraitUpsideDown UIInterfaceOrientationLandscapeLeft UIInterfaceOrientationLandscapeRight";
				INFOPLIST_KEY_UISupportedInterfaceOrientations_iPhone = "UIInterfaceOrientationPortrait UIInterfaceOrientationLandscapeLeft UIInterfaceOrientationLandscapeRight";
				LD_RUNPATH_SEARCH_PATHS = (
					"$(inherited)",
					"@executable_path/Frameworks",
				);
				MARKETING_VERSION = 1.0;
				PRODUCT_BUNDLE_IDENTIFIER = disncodndv.Flix;
				PRODUCT_NAME = "$(TARGET_NAME)";
				SWIFT_EMIT_LOC_STRINGS = YES;
				SWIFT_VERSION = 5.0;
				TARGETED_DEVICE_FAMILY = "1,2";
			};
			name = Debug;
		};
		F0091ED527C70CA4005594F5 /* Release */ = {
			isa = XCBuildConfiguration;
			baseConfigurationReference = 12A5B0138993E0B42C48246A /* Pods-Flix.release.xcconfig */;
			buildSettings = {
				ASSETCATALOG_COMPILER_APPICON_NAME = AppIcon;
				ASSETCATALOG_COMPILER_GLOBAL_ACCENT_COLOR_NAME = AccentColor;
				CODE_SIGN_STYLE = Automatic;
				CURRENT_PROJECT_VERSION = 1;
				DEVELOPMENT_TEAM = 797ASAWNVA;
				GENERATE_INFOPLIST_FILE = YES;
				INFOPLIST_FILE = Flix/Info.plist;
				INFOPLIST_KEY_CFBundleDisplayName = Flix;
				INFOPLIST_KEY_UIApplicationSupportsIndirectInputEvents = YES;
				INFOPLIST_KEY_UILaunchStoryboardName = LaunchScreen;
				INFOPLIST_KEY_UIMainStoryboardFile = Main;
				INFOPLIST_KEY_UISupportedInterfaceOrientations_iPad = "UIInterfaceOrientationPortrait UIInterfaceOrientationPortraitUpsideDown UIInterfaceOrientationLandscapeLeft UIInterfaceOrientationLandscapeRight";
				INFOPLIST_KEY_UISupportedInterfaceOrientations_iPhone = "UIInterfaceOrientationPortrait UIInterfaceOrientationLandscapeLeft UIInterfaceOrientationLandscapeRight";
				LD_RUNPATH_SEARCH_PATHS = (
					"$(inherited)",
					"@executable_path/Frameworks",
				);
				MARKETING_VERSION = 1.0;
				PRODUCT_BUNDLE_IDENTIFIER = disncodndv.Flix;
				PRODUCT_NAME = "$(TARGET_NAME)";
				SWIFT_EMIT_LOC_STRINGS = YES;
				SWIFT_VERSION = 5.0;
				TARGETED_DEVICE_FAMILY = "1,2";
			};
			name = Release;
		};
		F0091ED727C70CA4005594F5 /* Debug */ = {
			isa = XCBuildConfiguration;
			baseConfigurationReference = 0B7E028CAF490326A73D44F5 /* Pods-FlixTests.debug.xcconfig */;
			buildSettings = {
				ALWAYS_EMBED_SWIFT_STANDARD_LIBRARIES = YES;
				BUNDLE_LOADER = "$(TEST_HOST)";
				CODE_SIGN_STYLE = Automatic;
				CURRENT_PROJECT_VERSION = 1;
				GENERATE_INFOPLIST_FILE = YES;
				IPHONEOS_DEPLOYMENT_TARGET = 15.2;
				MARKETING_VERSION = 1.0;
				PRODUCT_BUNDLE_IDENTIFIER = memo.com.FlixTests;
				PRODUCT_NAME = "$(TARGET_NAME)";
				SWIFT_EMIT_LOC_STRINGS = NO;
				SWIFT_VERSION = 5.0;
				TARGETED_DEVICE_FAMILY = "1,2";
				TEST_HOST = "$(BUILT_PRODUCTS_DIR)/Flix.app/Flix";
			};
			name = Debug;
		};
		F0091ED827C70CA4005594F5 /* Release */ = {
			isa = XCBuildConfiguration;
			baseConfigurationReference = 24EBD6575DEA31E2150F9AC6 /* Pods-FlixTests.release.xcconfig */;
			buildSettings = {
				ALWAYS_EMBED_SWIFT_STANDARD_LIBRARIES = YES;
				BUNDLE_LOADER = "$(TEST_HOST)";
				CODE_SIGN_STYLE = Automatic;
				CURRENT_PROJECT_VERSION = 1;
				GENERATE_INFOPLIST_FILE = YES;
				IPHONEOS_DEPLOYMENT_TARGET = 15.2;
				MARKETING_VERSION = 1.0;
				PRODUCT_BUNDLE_IDENTIFIER = memo.com.FlixTests;
				PRODUCT_NAME = "$(TARGET_NAME)";
				SWIFT_EMIT_LOC_STRINGS = NO;
				SWIFT_VERSION = 5.0;
				TARGETED_DEVICE_FAMILY = "1,2";
				TEST_HOST = "$(BUILT_PRODUCTS_DIR)/Flix.app/Flix";
			};
			name = Release;
		};
		F0091EDA27C70CA4005594F5 /* Debug */ = {
			isa = XCBuildConfiguration;
			baseConfigurationReference = 979DB8D4B20DEE375A399E5D /* Pods-Flix-FlixUITests.debug.xcconfig */;
			buildSettings = {
				ALWAYS_EMBED_SWIFT_STANDARD_LIBRARIES = YES;
				CODE_SIGN_STYLE = Automatic;
				CURRENT_PROJECT_VERSION = 1;
				GENERATE_INFOPLIST_FILE = YES;
				MARKETING_VERSION = 1.0;
				PRODUCT_BUNDLE_IDENTIFIER = memo.com.FlixUITests;
				PRODUCT_NAME = "$(TARGET_NAME)";
				SWIFT_EMIT_LOC_STRINGS = NO;
				SWIFT_VERSION = 5.0;
				TARGETED_DEVICE_FAMILY = "1,2";
				TEST_TARGET_NAME = Flix;
			};
			name = Debug;
		};
		F0091EDB27C70CA4005594F5 /* Release */ = {
			isa = XCBuildConfiguration;
			baseConfigurationReference = F54A4EAF66927F602930F46F /* Pods-Flix-FlixUITests.release.xcconfig */;
			buildSettings = {
				ALWAYS_EMBED_SWIFT_STANDARD_LIBRARIES = YES;
				CODE_SIGN_STYLE = Automatic;
				CURRENT_PROJECT_VERSION = 1;
				GENERATE_INFOPLIST_FILE = YES;
				MARKETING_VERSION = 1.0;
				PRODUCT_BUNDLE_IDENTIFIER = memo.com.FlixUITests;
				PRODUCT_NAME = "$(TARGET_NAME)";
				SWIFT_EMIT_LOC_STRINGS = NO;
				SWIFT_VERSION = 5.0;
				TARGETED_DEVICE_FAMILY = "1,2";
				TEST_TARGET_NAME = Flix;
			};
			name = Release;
		};
/* End XCBuildConfiguration section */

/* Begin XCConfigurationList section */
		F0091EA427C70CA3005594F5 /* Build configuration list for PBXProject "Flix" */ = {
			isa = XCConfigurationList;
			buildConfigurations = (
				F0091ED127C70CA4005594F5 /* Debug */,
				F0091ED227C70CA4005594F5 /* Release */,
			);
			defaultConfigurationIsVisible = 0;
			defaultConfigurationName = Release;
		};
		F0091ED327C70CA4005594F5 /* Build configuration list for PBXNativeTarget "Flix" */ = {
			isa = XCConfigurationList;
			buildConfigurations = (
				F0091ED427C70CA4005594F5 /* Debug */,
				F0091ED527C70CA4005594F5 /* Release */,
			);
			defaultConfigurationIsVisible = 0;
			defaultConfigurationName = Release;
		};
		F0091ED627C70CA4005594F5 /* Build configuration list for PBXNativeTarget "FlixTests" */ = {
			isa = XCConfigurationList;
			buildConfigurations = (
				F0091ED727C70CA4005594F5 /* Debug */,
				F0091ED827C70CA4005594F5 /* Release */,
			);
			defaultConfigurationIsVisible = 0;
			defaultConfigurationName = Release;
		};
		F0091ED927C70CA4005594F5 /* Build configuration list for PBXNativeTarget "FlixUITests" */ = {
			isa = XCConfigurationList;
			buildConfigurations = (
				F0091EDA27C70CA4005594F5 /* Debug */,
				F0091EDB27C70CA4005594F5 /* Release */,
			);
			defaultConfigurationIsVisible = 0;
			defaultConfigurationName = Release;
		};
/* End XCConfigurationList section */

/* Begin XCRemoteSwiftPackageReference section */
		F0091EDC27C7163D005594F5 /* XCRemoteSwiftPackageReference "Alamofire" */ = {
			isa = XCRemoteSwiftPackageReference;
			repositoryURL = "https://github.com/Alamofire/Alamofire";
			requirement = {
				kind = upToNextMajorVersion;
				minimumVersion = 5.0.0;
			};
		};
/* End XCRemoteSwiftPackageReference section */

/* Begin XCSwiftPackageProductDependency section */
		F0091EDD27C7163D005594F5 /* Alamofire */ = {
			isa = XCSwiftPackageProductDependency;
			package = F0091EDC27C7163D005594F5 /* XCRemoteSwiftPackageReference "Alamofire" */;
			productName = Alamofire;
		};
/* End XCSwiftPackageProductDependency section */
	};
	rootObject = F0091EA127C70CA3005594F5 /* Project object */;
}
